// !$*UTF8*$!
{
	archiveVersion = 1;
	classes = {
	};
	objectVersion = 46;
	objects = {

/* Begin PBXBuildFile section */
		8B2E480A2ED4C659497C76B2 /* Pods_Quality_Of_Area.framework in Frameworks */ = {isa = PBXBuildFile; fileRef = 52CAE337F2FB74190FA07894 /* Pods_Quality_Of_Area.framework */; };
		B63D738C1C0356630092DFCC /* MapKit.framework in Frameworks */ = {isa = PBXBuildFile; fileRef = B63D738B1C0356630092DFCC /* MapKit.framework */; };
		B65706191C00FB520062CF21 /* AppDelegate.swift in Sources */ = {isa = PBXBuildFile; fileRef = B65706181C00FB520062CF21 /* AppDelegate.swift */; };
		B657061B1C00FB520062CF21 /* ViewController.swift in Sources */ = {isa = PBXBuildFile; fileRef = B657061A1C00FB520062CF21 /* ViewController.swift */; };
		B657061E1C00FB520062CF21 /* Main.storyboard in Resources */ = {isa = PBXBuildFile; fileRef = B657061C1C00FB520062CF21 /* Main.storyboard */; };
		B65706201C00FB520062CF21 /* Assets.xcassets in Resources */ = {isa = PBXBuildFile; fileRef = B657061F1C00FB520062CF21 /* Assets.xcassets */; };
		B65706231C00FB520062CF21 /* LaunchScreen.storyboard in Resources */ = {isa = PBXBuildFile; fileRef = B65706211C00FB520062CF21 /* LaunchScreen.storyboard */; };
		B657062B1C00FDF10062CF21 /* ScoreCalc.swift in Sources */ = {isa = PBXBuildFile; fileRef = B657062A1C00FDF10062CF21 /* ScoreCalc.swift */; };
		B66300631C1366900011E5F8 /* schooladdresses.json in Resources */ = {isa = PBXBuildFile; fileRef = B66300621C1366900011E5F8 /* schooladdresses.json */; };
		B664E07D1C017933001A508F /* nyccrimedata2015.json in Resources */ = {isa = PBXBuildFile; fileRef = B664E07C1C017933001A508F /* nyccrimedata2015.json */; };
		B664E07F1C01799B001A508F /* SwiftyJSON.swift in Sources */ = {isa = PBXBuildFile; fileRef = B664E07E1C01799B001A508F /* SwiftyJSON.swift */; };
		B6A1E95C1C1B982400D8E8DC /* SATscore.json in Resources */ = {isa = PBXBuildFile; fileRef = B6A1E95B1C1B982400D8E8DC /* SATscore.json */; };
		DB46349AD814512A3CF44F70 /* Pods.framework in Frameworks */ = {isa = PBXBuildFile; fileRef = 5B43AD873CD0E4550DDEB9C6 /* Pods.framework */; };
/* End PBXBuildFile section */

/* Begin PBXFileReference section */
		52CAE337F2FB74190FA07894 /* Pods_Quality_Of_Area.framework */ = {isa = PBXFileReference; explicitFileType = wrapper.framework; includeInIndex = 0; path = Pods_Quality_Of_Area.framework; sourceTree = BUILT_PRODUCTS_DIR; };
		5B43AD873CD0E4550DDEB9C6 /* Pods.framework */ = {isa = PBXFileReference; explicitFileType = wrapper.framework; includeInIndex = 0; path = Pods.framework; sourceTree = BUILT_PRODUCTS_DIR; };
		9CB75E191AA145F02CDA5758 /* Pods-Quality Of Area.debug.xcconfig */ = {isa = PBXFileReference; includeInIndex = 1; lastKnownFileType = text.xcconfig; name = "Pods-Quality Of Area.debug.xcconfig"; path = "Pods/Target Support Files/Pods-Quality Of Area/Pods-Quality Of Area.debug.xcconfig"; sourceTree = "<group>"; };
		B63D738B1C0356630092DFCC /* MapKit.framework */ = {isa = PBXFileReference; lastKnownFileType = wrapper.framework; name = MapKit.framework; path = System/Library/Frameworks/MapKit.framework; sourceTree = SDKROOT; };
		B65706151C00FB520062CF21 /* Quality Of Area.app */ = {isa = PBXFileReference; explicitFileType = wrapper.application; includeInIndex = 0; path = "Quality Of Area.app"; sourceTree = BUILT_PRODUCTS_DIR; };
		B65706181C00FB520062CF21 /* AppDelegate.swift */ = {isa = PBXFileReference; lastKnownFileType = sourcecode.swift; path = AppDelegate.swift; sourceTree = "<group>"; };
		B657061A1C00FB520062CF21 /* ViewController.swift */ = {isa = PBXFileReference; lastKnownFileType = sourcecode.swift; path = ViewController.swift; sourceTree = "<group>"; };
		B657061D1C00FB520062CF21 /* Base */ = {isa = PBXFileReference; lastKnownFileType = file.storyboard; name = Base; path = Base.lproj/Main.storyboard; sourceTree = "<group>"; };
		B657061F1C00FB520062CF21 /* Assets.xcassets */ = {isa = PBXFileReference; lastKnownFileType = folder.assetcatalog; path = Assets.xcassets; sourceTree = "<group>"; };
		B65706221C00FB520062CF21 /* Base */ = {isa = PBXFileReference; lastKnownFileType = file.storyboard; name = Base; path = Base.lproj/LaunchScreen.storyboard; sourceTree = "<group>"; };
		B65706241C00FB520062CF21 /* Info.plist */ = {isa = PBXFileReference; lastKnownFileType = text.plist.xml; path = Info.plist; sourceTree = "<group>"; };
		B657062A1C00FDF10062CF21 /* ScoreCalc.swift */ = {isa = PBXFileReference; fileEncoding = 4; lastKnownFileType = sourcecode.swift; path = ScoreCalc.swift; sourceTree = "<group>"; };
		B66300621C1366900011E5F8 /* schooladdresses.json */ = {isa = PBXFileReference; fileEncoding = 4; lastKnownFileType = text.json; path = schooladdresses.json; sourceTree = "<group>"; };
		B664E07C1C017933001A508F /* nyccrimedata2015.json */ = {isa = PBXFileReference; fileEncoding = 4; lastKnownFileType = text.json; path = nyccrimedata2015.json; sourceTree = "<group>"; };
		B664E07E1C01799B001A508F /* SwiftyJSON.swift */ = {isa = PBXFileReference; fileEncoding = 4; lastKnownFileType = sourcecode.swift; path = SwiftyJSON.swift; sourceTree = "<group>"; };
		B6A1E95B1C1B982400D8E8DC /* SATscore.json */ = {isa = PBXFileReference; fileEncoding = 4; lastKnownFileType = text.json; path = SATscore.json; sourceTree = "<group>"; };
		BA0BBF351BAB9A365345F4AD /* Pods-Quality Of Area.release.xcconfig */ = {isa = PBXFileReference; includeInIndex = 1; lastKnownFileType = text.xcconfig; name = "Pods-Quality Of Area.release.xcconfig"; path = "Pods/Target Support Files/Pods-Quality Of Area/Pods-Quality Of Area.release.xcconfig"; sourceTree = "<group>"; };
/* End PBXFileReference section */

/* Begin PBXFrameworksBuildPhase section */
		B65706121C00FB520062CF21 /* Frameworks */ = {
			isa = PBXFrameworksBuildPhase;
			buildActionMask = 2147483647;
			files = (
				B63D738C1C0356630092DFCC /* MapKit.framework in Frameworks */,
				8B2E480A2ED4C659497C76B2 /* Pods_Quality_Of_Area.framework in Frameworks */,
				DB46349AD814512A3CF44F70 /* Pods.framework in Frameworks */,
			);
			runOnlyForDeploymentPostprocessing = 0;
		};
/* End PBXFrameworksBuildPhase section */

/* Begin PBXGroup section */
		2D1320078D074C05D9ACD0BE /* Pods */ = {
			isa = PBXGroup;
			children = (
				9CB75E191AA145F02CDA5758 /* Pods-Quality Of Area.debug.xcconfig */,
				BA0BBF351BAB9A365345F4AD /* Pods-Quality Of Area.release.xcconfig */,
			);
			name = Pods;
			sourceTree = "<group>";
		};
		B657060C1C00FB520062CF21 = {
			isa = PBXGroup;
			children = (
				B63D738B1C0356630092DFCC /* MapKit.framework */,
				B65706171C00FB520062CF21 /* Quality Of Area */,
				B65706161C00FB520062CF21 /* Products */,
				2D1320078D074C05D9ACD0BE /* Pods */,
				CF0762B37CBE250568CF1228 /* Frameworks */,
			);
			sourceTree = "<group>";
		};
		B65706161C00FB520062CF21 /* Products */ = {
			isa = PBXGroup;
			children = (
				B65706151C00FB520062CF21 /* Quality Of Area.app */,
			);
			name = Products;
			sourceTree = "<group>";
		};
		B65706171C00FB520062CF21 /* Quality Of Area */ = {
			isa = PBXGroup;
			children = (
				B65706181C00FB520062CF21 /* AppDelegate.swift */,
				B657062A1C00FDF10062CF21 /* ScoreCalc.swift */,
				B657061A1C00FB520062CF21 /* ViewController.swift */,
				B657061C1C00FB520062CF21 /* Main.storyboard */,
				B657061F1C00FB520062CF21 /* Assets.xcassets */,
				B664E07C1C017933001A508F /* nyccrimedata2015.json */,
				B664E07E1C01799B001A508F /* SwiftyJSON.swift */,
				B6A1E95B1C1B982400D8E8DC /* SATscore.json */,
				B66300621C1366900011E5F8 /* schooladdresses.json */,
				B65706211C00FB520062CF21 /* LaunchScreen.storyboard */,
				B65706241C00FB520062CF21 /* Info.plist */,
			);
			path = "Quality Of Area";
			sourceTree = "<group>";
		};
		CF0762B37CBE250568CF1228 /* Frameworks */ = {
			isa = PBXGroup;
			children = (
				52CAE337F2FB74190FA07894 /* Pods_Quality_Of_Area.framework */,
				5B43AD873CD0E4550DDEB9C6 /* Pods.framework */,
			);
			name = Frameworks;
			sourceTree = "<group>";
		};
/* End PBXGroup section */

/* Begin PBXNativeTarget section */
		B65706141C00FB520062CF21 /* Quality Of Area */ = {
			isa = PBXNativeTarget;
			buildConfigurationList = B65706271C00FB520062CF21 /* Build configuration list for PBXNativeTarget "Quality Of Area" */;
			buildPhases = (
				C72674FDF1FDA735C67B782E /* Check Pods Manifest.lock */,
				B65706111C00FB520062CF21 /* Sources */,
				B65706121C00FB520062CF21 /* Frameworks */,
				B65706131C00FB520062CF21 /* Resources */,
				737A34163E94DEB8D5F4C7BF /* Embed Pods Frameworks */,
				8A4A6D6F8561DDEBD76A6BA5 /* Copy Pods Resources */,
			);
			buildRules = (
			);
			dependencies = (
			);
			name = "Quality Of Area";
			productName = "Quality Of Area";
			productReference = B65706151C00FB520062CF21 /* Quality Of Area.app */;
			productType = "com.apple.product-type.application";
		};
/* End PBXNativeTarget section */

/* Begin PBXProject section */
		B657060D1C00FB520062CF21 /* Project object */ = {
			isa = PBXProject;
			attributes = {
				LastSwiftUpdateCheck = 0710;
				LastUpgradeCheck = 0710;
				ORGANIZATIONNAME = "Ryan Tremblay";
				TargetAttributes = {
					B65706141C00FB520062CF21 = {
						CreatedOnToolsVersion = 7.1.1;
						DevelopmentTeam = B8U998V2G6;
					};
				};
			};
			buildConfigurationList = B65706101C00FB520062CF21 /* Build configuration list for PBXProject "Quality Of Area" */;
			compatibilityVersion = "Xcode 3.2";
			developmentRegion = English;
			hasScannedForEncodings = 0;
			knownRegions = (
				en,
				Base,
			);
			mainGroup = B657060C1C00FB520062CF21;
			productRefGroup = B65706161C00FB520062CF21 /* Products */;
			projectDirPath = "";
			projectRoot = "";
			targets = (
				B65706141C00FB520062CF21 /* Quality Of Area */,
			);
		};
/* End PBXProject section */

/* Begin PBXResourcesBuildPhase section */
		B65706131C00FB520062CF21 /* Resources */ = {
			isa = PBXResourcesBuildPhase;
			buildActionMask = 2147483647;
			files = (
				B66300631C1366900011E5F8 /* schooladdresses.json in Resources */,
				B65706231C00FB520062CF21 /* LaunchScreen.storyboard in Resources */,
				B664E07D1C017933001A508F /* nyccrimedata2015.json in Resources */,
				B65706201C00FB520062CF21 /* Assets.xcassets in Resources */,
				B657061E1C00FB520062CF21 /* Main.storyboard in Resources */,
				B6A1E95C1C1B982400D8E8DC /* SATscore.json in Resources */,
			);
			runOnlyForDeploymentPostprocessing = 0;
		};
/* End PBXResourcesBuildPhase section */

/* Begin PBXShellScriptBuildPhase section */
		737A34163E94DEB8D5F4C7BF /* Embed Pods Frameworks */ = {
			isa = PBXShellScriptBuildPhase;
			buildActionMask = 2147483647;
			files = (
			);
			inputPaths = (
			);
			name = "Embed Pods Frameworks";
			outputPaths = (
			);
			runOnlyForDeploymentPostprocessing = 0;
			shellPath = /bin/sh;
			shellScript = "\"${SRCROOT}/Pods/Target Support Files/Pods/Pods-frameworks.sh\"\n";
			showEnvVarsInLog = 0;
		};
		8A4A6D6F8561DDEBD76A6BA5 /* Copy Pods Resources */ = {
			isa = PBXShellScriptBuildPhase;
			buildActionMask = 2147483647;
			files = (
			);
			inputPaths = (
			);
			name = "Copy Pods Resources";
			outputPaths = (
			);
			runOnlyForDeploymentPostprocessing = 0;
			shellPath = /bin/sh;
			shellScript = "\"${SRCROOT}/Pods/Target Support Files/Pods/Pods-resources.sh\"\n";
			showEnvVarsInLog = 0;
		};
		C72674FDF1FDA735C67B782E /* Check Pods Manifest.lock */ = {
			isa = PBXShellScriptBuildPhase;
			buildActionMask = 2147483647;
			files = (
			);
			inputPaths = (
			);
			name = "Check Pods Manifest.lock";
			outputPaths = (
			);
			runOnlyForDeploymentPostprocessing = 0;
			shellPath = /bin/sh;
			shellScript = "diff \"${PODS_ROOT}/../Podfile.lock\" \"${PODS_ROOT}/Manifest.lock\" > /dev/null\nif [[ $? != 0 ]] ; then\n    cat << EOM\nerror: The sandbox is not in sync with the Podfile.lock. Run 'pod install' or update your CocoaPods installation.\nEOM\n    exit 1\nfi\n";
			showEnvVarsInLog = 0;
		};
/* End PBXShellScriptBuildPhase section */

/* Begin PBXSourcesBuildPhase section */
		B65706111C00FB520062CF21 /* Sources */ = {
			isa = PBXSourcesBuildPhase;
			buildActionMask = 2147483647;
			files = (
				B657061B1C00FB520062CF21 /* ViewController.swift in Sources */,
				B657062B1C00FDF10062CF21 /* ScoreCalc.swift in Sources */,
				B65706191C00FB520062CF21 /* AppDelegate.swift in Sources */,
				B664E07F1C01799B001A508F /* SwiftyJSON.swift in Sources */,
			);
			runOnlyForDeploymentPostprocessing = 0;
		};
/* End PBXSourcesBuildPhase section */

/* Begin PBXVariantGroup section */
		B657061C1C00FB520062CF21 /* Main.storyboard */ = {
			isa = PBXVariantGroup;
			children = (
				B657061D1C00FB520062CF21 /* Base */,
			);
			name = Main.storyboard;
			sourceTree = "<group>";
		};
		B65706211C00FB520062CF21 /* LaunchScreen.storyboard */ = {
			isa = PBXVariantGroup;
			children = (
				B65706221C00FB520062CF21 /* Base */,
			);
			name = LaunchScreen.storyboard;
			sourceTree = "<group>";
		};
/* End PBXVariantGroup section */

/* Begin XCBuildConfiguration section */
		B65706251C00FB520062CF21 /* Debug */ = {
			isa = XCBuildConfiguration;
			buildSettings = {
				ALWAYS_SEARCH_USER_PATHS = NO;
				CLANG_CXX_LANGUAGE_STANDARD = "gnu++0x";
				CLANG_CXX_LIBRARY = "libc++";
				CLANG_ENABLE_MODULES = YES;
				CLANG_ENABLE_OBJC_ARC = YES;
				CLANG_WARN_BOOL_CONVERSION = YES;
				CLANG_WARN_CONSTANT_CONVERSION = YES;
				CLANG_WARN_DIRECT_OBJC_ISA_USAGE = YES_ERROR;
				CLANG_WARN_EMPTY_BODY = YES;
				CLANG_WARN_ENUM_CONVERSION = YES;
				CLANG_WARN_INT_CONVERSION = YES;
				CLANG_WARN_OBJC_ROOT_CLASS = YES_ERROR;
				CLANG_WARN_UNREACHABLE_CODE = YES;
				CLANG_WARN__DUPLICATE_METHOD_MATCH = YES;
				"CODE_SIGN_IDENTITY[sdk=iphoneos*]" = "iPhone Developer";
				COPY_PHASE_STRIP = NO;
				DEBUG_INFORMATION_FORMAT = dwarf;
				ENABLE_STRICT_OBJC_MSGSEND = YES;
				ENABLE_TESTABILITY = YES;
				GCC_C_LANGUAGE_STANDARD = gnu99;
				GCC_DYNAMIC_NO_PIC = NO;
				GCC_NO_COMMON_BLOCKS = YES;
				GCC_OPTIMIZATION_LEVEL = 0;
				GCC_PREPROCESSOR_DEFINITIONS = (
					"DEBUG=1",
					"$(inherited)",
				);
				GCC_WARN_64_TO_32_BIT_CONVERSION = YES;
				GCC_WARN_ABOUT_RETURN_TYPE = YES_ERROR;
				GCC_WARN_UNDECLARED_SELECTOR = YES;
				GCC_WARN_UNINITIALIZED_AUTOS = YES_AGGRESSIVE;
				GCC_WARN_UNUSED_FUNCTION = YES;
				GCC_WARN_UNUSED_VARIABLE = YES;
				IPHONEOS_DEPLOYMENT_TARGET = 9.1;
				MTL_ENABLE_DEBUG_INFO = YES;
				ONLY_ACTIVE_ARCH = YES;
				SDKROOT = iphoneos;
				SWIFT_OPTIMIZATION_LEVEL = "-Onone";
			};
			name = Debug;
		};
		B65706261C00FB520062CF21 /* Release */ = {
			isa = XCBuildConfiguration;
			buildSettings = {
				ALWAYS_SEARCH_USER_PATHS = NO;
				CLANG_CXX_LANGUAGE_STANDARD = "gnu++0x";
				CLANG_CXX_LIBRARY = "libc++";
				CLANG_ENABLE_MODULES = YES;
				CLANG_ENABLE_OBJC_ARC = YES;
				CLANG_WARN_BOOL_CONVERSION = YES;
				CLANG_WARN_CONSTANT_CONVERSION = YES;
				CLANG_WARN_DIRECT_OBJC_ISA_USAGE = YES_ERROR;
				CLANG_WARN_EMPTY_BODY = YES;
				CLANG_WARN_ENUM_CONVERSION = YES;
				CLANG_WARN_INT_CONVERSION = YES;
				CLANG_WARN_OBJC_ROOT_CLASS = YES_ERROR;
				CLANG_WARN_UNREACHABLE_CODE = YES;
				CLANG_WARN__DUPLICATE_METHOD_MATCH = YES;
				"CODE_SIGN_IDENTITY[sdk=iphoneos*]" = "iPhone Developer";
				COPY_PHASE_STRIP = NO;
				DEBUG_INFORMATION_FORMAT = "dwarf-with-dsym";
				ENABLE_NS_ASSERTIONS = NO;
				ENABLE_STRICT_OBJC_MSGSEND = YES;
				GCC_C_LANGUAGE_STANDARD = gnu99;
				GCC_NO_COMMON_BLOCKS = YES;
				GCC_WARN_64_TO_32_BIT_CONVERSION = YES;
				GCC_WARN_ABOUT_RETURN_TYPE = YES_ERROR;
				GCC_WARN_UNDECLARED_SELECTOR = YES;
				GCC_WARN_UNINITIALIZED_AUTOS = YES_AGGRESSIVE;
				GCC_WARN_UNUSED_FUNCTION = YES;
				GCC_WARN_UNUSED_VARIABLE = YES;
				IPHONEOS_DEPLOYMENT_TARGET = 9.1;
				MTL_ENABLE_DEBUG_INFO = NO;
				SDKROOT = iphoneos;
				VALIDATE_PRODUCT = YES;
			};
			name = Release;
		};
		B65706281C00FB520062CF21 /* Debug */ = {
			isa = XCBuildConfiguration;
			baseConfigurationReference = 9CB75E191AA145F02CDA5758 /* Pods-Quality Of Area.debug.xcconfig */;
			buildSettings = {
				ASSETCATALOG_COMPILER_APPICON_NAME = AppIcon;
				CODE_SIGN_IDENTITY = "iPhone Developer";
				"CODE_SIGN_IDENTITY[sdk=iphoneos*]" = "iPhone Developer";
				INFOPLIST_FILE = "Quality Of Area/Info.plist";
				LD_RUNPATH_SEARCH_PATHS = "$(inherited) @executable_path/Frameworks";
				PRODUCT_BUNDLE_IDENTIFIER = "RyanTremblay.Quality-Of-Area";
				PRODUCT_NAME = "$(TARGET_NAME)";
				PROVISIONING_PROFILE = "";
			};
			name = Debug;
		};
		B65706291C00FB520062CF21 /* Release */ = {
			isa = XCBuildConfiguration;
			baseConfigurationReference = BA0BBF351BAB9A365345F4AD /* Pods-Quality Of Area.release.xcconfig */;
			buildSettings = {
				ASSETCATALOG_COMPILER_APPICON_NAME = AppIcon;
				CODE_SIGN_IDENTITY = "iPhone Developer";
				"CODE_SIGN_IDENTITY[sdk=iphoneos*]" = "iPhone Developer";
				INFOPLIST_FILE = "Quality Of Area/Info.plist";
				LD_RUNPATH_SEARCH_PATHS = "$(inherited) @executable_path/Frameworks";
				PRODUCT_BUNDLE_IDENTIFIER = "RyanTremblay.Quality-Of-Area";
				PRODUCT_NAME = "$(TARGET_NAME)";
				PROVISIONING_PROFILE = "";
			};
			name = Release;
		};
/* End XCBuildConfiguration section */

/* Begin XCConfigurationList section */
		B65706101C00FB520062CF21 /* Build configuration list for PBXProject "Quality Of Area" */ = {
			isa = XCConfigurationList;
			buildConfigurations = (
				B65706251C00FB520062CF21 /* Debug */,
				B65706261C00FB520062CF21 /* Release */,
			);
			defaultConfigurationIsVisible = 0;
			defaultConfigurationName = Release;
		};
		B65706271C00FB520062CF21 /* Build configuration list for PBXNativeTarget "Quality Of Area" */ = {
			isa = XCConfigurationList;
			buildConfigurations = (
				B65706281C00FB520062CF21 /* Debug */,
				B65706291C00FB520062CF21 /* Release */,
			);
			defaultConfigurationIsVisible = 0;
			defaultConfigurationName = Release;
		};
/* End XCConfigurationList section */
	};
	rootObject = B657060D1C00FB520062CF21 /* Project object */;
}
